# This file is automatically @generated by Cargo.
# It is not intended for manual editing.
version = 4

[[package]]
name = "NumericalIO"
version = "0.1.0"
dependencies = [
 "ix",
]

[[package]]
name = "ix"
version = "0.1.0"
source = "registry+https://github.com/rust-lang/crates.io-index"
checksum = "89d01646daa454f884c7b2108a05ab832f640b70aba9575a459115dc382afe9b"
